
Microsoft Visual Studio Solution File, Format Version 12.00
# Visual Studio Version 17
VisualStudioVersion = 17.2.32630.192
MinimumVisualStudioVersion = 10.0.40219.1
Project("{9A19103F-16F7-4668-BE54-9A1E7A4F7556}") = "PortalLib", "PortalLib\PortalLib.csproj", "{01174416-F3D2-42C8-B858-69D192C72771}"
EndProject
Project("{FAE04EC0-301F-11D3-BF4B-00C04F79EFBC}") = "SkylandersToolkit", "SkylandersToolkit\SkylandersToolkit.csproj", "{A1428C40-D331-4444-B1C6-9F39CD27FB65}"
EndProject
Global
	GlobalSection(SolutionConfigurationPlatforms) = preSolution
		Debug|Any CPU = Debug|Any CPU
		Release|Any CPU = Release|Any CPU
	EndGlobalSection
	GlobalSection(ProjectConfigurationPlatforms) = postSolution
		{01174416-F3D2-42C8-B858-69D192C72771}.Debug|Any CPU.ActiveCfg = Debug|Any CPU
		{01174416-F3D2-42C8-B858-69D192C72771}.Debug|Any CPU.Build.0 = Debug|Any CPU
		{01174416-F3D2-42C8-B858-69D192C72771}.Release|Any CPU.ActiveCfg = Release|Any CPU
		{01174416-F3D2-42C8-B858-69D192C72771}.Release|Any CPU.Build.0 = Release|Any CPU
		{A1428C40-D331-4444-B1C6-9F39CD27FB65}.Debug|Any CPU.ActiveCfg = Debug|Any CPU
		{A1428C40-D331-4444-B1C6-9F39CD27FB65}.Debug|Any CPU.Build.0 = Debug|Any CPU
		{A1428C40-D331-4444-B1C6-9F39CD27FB65}.Release|Any CPU.ActiveCfg = Release|Any CPU
		{A1428C40-D331-4444-B1C6-9F39CD27FB65}.Release|Any CPU.Build.0 = Release|Any CPU
	EndGlobalSection
	GlobalSection(SolutionProperties) = preSolution
		HideSolutionNode = FALSE
	EndGlobalSection
	GlobalSection(ExtensibilityGlobals) = postSolution
		SolutionGuid = {38B12DBD-5327-4C76-8FC4-7DFA047E10BB}
	EndGlobalSection
EndGlobal
